<?xml version="1.0" encoding="utf-8"?>
<Project ToolsVersion="4.0" xmlns="http://schemas.microsoft.com/developer/msbuild/2003">
  <ItemGroup>
    <ClCompile Include="pch.cpp" />
    <ClCompile Include="source\0022_Generate_Parentheses.cpp">
      <Filter>source</Filter>
    </ClCompile>
    <ClCompile Include="source\0099_Recover_Binary_Search_Tree_Test.cpp">
      <Filter>source</Filter>
    </ClCompile>
    <ClCompile Include="source\0100_Same_Tree_Test.cpp">
      <Filter>source</Filter>
    </ClCompile>
    <ClCompile Include="source\0191_Number_of_1_Bits.cpp">
      <Filter>source</Filter>
    </ClCompile>
    <ClCompile Include="source\0237_Delete_Node_in_a_Linked_List.cpp">
      <Filter>source</Filter>
    </ClCompile>
    <ClCompile Include="source\0307_Range_Sum_Query_Mutable.cpp">
      <Filter>source</Filter>
    </ClCompile>
    <ClCompile Include="source\0473_Matchsticks_to_Square.cpp">
      <Filter>source</Filter>
    </ClCompile>
    <ClCompile Include="source\0949_Largest_Time_for_Given_Digits.cpp">
      <Filter>source</Filter>
    </ClCompile>
    <ClCompile Include="source\1253_Reconstruct_a_2_Row_Binary_Matrix.cpp">
      <Filter>source</Filter>
    </ClCompile>
    <ClCompile Include="source\BinaryTree.cpp">
      <Filter>source</Filter>
    </ClCompile>
    <ClCompile Include="source\optimalChange.cpp">
      <Filter>source</Filter>
    </ClCompile>
    <ClCompile Include="source\0394_Decode_String.cpp">
      <Filter>source</Filter>
    </ClCompile>
    <ClCompile Include="source\1514_Path_With_Maximum_Probability.cpp">
      <Filter>source</Filter>
    </ClCompile>
    <ClCompile Include="source\0042_Trapping_Rain_Water.cpp">
      <Filter>source</Filter>
    </ClCompile>
    <ClCompile Include="source\0300_Longest_Increasing_Subsequence.cpp">
      <Filter>source</Filter>
    </ClCompile>
    <ClCompile Include="source\0011_Container_With_Most_Water.cpp">
      <Filter>source</Filter>
    </ClCompile>
    <ClCompile Include="source\0001_Two_Sum.cpp">
      <Filter>source</Filter>
    </ClCompile>
    <ClCompile Include="source\0138_Copy_List_with_RandomPointer.cpp">
      <Filter>source</Filter>
    </ClCompile>
    <ClCompile Include="source\0983_Minimum_Cost_For_Tickets.cpp">
      <Filter>source</Filter>
    </ClCompile>
    <ClCompile Include="source\0322_Coin_Change.cpp">
      <Filter>source</Filter>
    </ClCompile>
    <ClCompile Include="source\0151_Reverse_Words_in_a_String.cpp">
      <Filter>source</Filter>
    </ClCompile>
    <ClCompile Include="header\0139_Word_Break.cpp">
      <Filter>source</Filter>
    </ClCompile>
    <ClCompile Include="source\0133_Clone_Graph.cpp">
      <Filter>source</Filter>
    </ClCompile>
    <ClCompile Include="source\0101_Symmetric_Tree.cpp">
      <Filter>source</Filter>
    </ClCompile>
    <ClCompile Include="source\0053_Maximum_Subarray.cpp">
      <Filter>source</Filter>
    </ClCompile>
    <ClCompile Include="source\0050_Pow.cpp">
      <Filter>source</Filter>
    </ClCompile>
    <ClCompile Include="source\0012_Integer_to_Roman.cpp">
      <Filter>source</Filter>
    </ClCompile>
    <ClCompile Include="source\0020_Valid_Parentheses.cpp">
      <Filter>source</Filter>
    </ClCompile>
    <ClCompile Include="source\0200_Number_of_Islands.cpp">
      <Filter>source</Filter>
    </ClCompile>
    <ClCompile Include="source\0130_Surrounded_Regions.cpp">
      <Filter>source</Filter>
    </ClCompile>
    <ClCompile Include="source\0695_Max_Area_of_Island.cpp">
      <Filter>source</Filter>
    </ClCompile>
    <ClCompile Include="source\0345_Reverse_Vowels_of_a_String.cpp">
      <Filter>source</Filter>
    </ClCompile>
    <ClCompile Include="source\0515_Find_Largest_Value_in_Each_Tree_Row.cpp">
      <Filter>source</Filter>
    </ClCompile>
    <ClCompile Include="source\0622_Design_Circular_Queue.cpp">
      <Filter>source</Filter>
    </ClCompile>
    <ClCompile Include="source\0752_Open_the_Lock.cpp">
      <Filter>source</Filter>
    </ClCompile>
    <ClCompile Include="source\0279_Perfect_Squares.cpp">
      <Filter>source</Filter>
    </ClCompile>
    <ClCompile Include="source\0210_Course_Schedule_II.cpp">
      <Filter>source</Filter>
    </ClCompile>
    <ClCompile Include="source\0207_Course_Schedule.cpp">
      <Filter>source</Filter>
    </ClCompile>
    <ClCompile Include="source\0310_Minimum_Height_Trees.cpp">
      <Filter>source</Filter>
    </ClCompile>
  </ItemGroup>
  <ItemGroup>
    <ClInclude Include="pch.h" />
    <ClInclude Include="header\0010_RegularExpressionMatching.hpp">
      <Filter>header</Filter>
    </ClInclude>
    <ClInclude Include="header\0022_Generate_Parentheses.hpp">
      <Filter>header</Filter>
    </ClInclude>
    <ClInclude Include="header\0044_WildcardMatching.hpp">
      <Filter>header</Filter>
    </ClInclude>
    <ClInclude Include="header\0094_Binary_Tree_Inorder_Traversal.hpp">
      <Filter>header</Filter>
    </ClInclude>
    <ClInclude Include="header\0098_Validate_Binary_Search_Tree.hpp">
      <Filter>header</Filter>
    </ClInclude>
    <ClInclude Include="header\0099_Recover_Binary_Search_Tree.hpp">
      <Filter>header</Filter>
    </ClInclude>
    <ClInclude Include="header\0100_Same_Tree.hpp">
      <Filter>header</Filter>
    </ClInclude>
    <ClInclude Include="header\0144_Binary_Tree_Preorder_Traversal.hpp">
      <Filter>header</Filter>
    </ClInclude>
    <ClInclude Include="header\0146_LRUCache.hpp">
      <Filter>header</Filter>
    </ClInclude>
    <ClInclude Include="header\0169_Majority_Element.hpp">
      <Filter>header</Filter>
    </ClInclude>
    <ClInclude Include="header\0191_Number_of_1_Bits.hpp">
      <Filter>header</Filter>
    </ClInclude>
    <ClInclude Include="header\0226_Invert_Binary_Tree.hpp">
      <Filter>header</Filter>
    </ClInclude>
    <ClInclude Include="header\0237_Delete_Node_in_a_Linked_List.hpp">
      <Filter>header</Filter>
    </ClInclude>
    <ClInclude Include="header\0307_Range_Sum_Query_Mutable.hpp">
      <Filter>header</Filter>
    </ClInclude>
    <ClInclude Include="header\0387_First_Unique_Character_in_a_String.hpp">
      <Filter>header</Filter>
    </ClInclude>
    <ClInclude Include="header\0460_LFUCache.hpp">
      <Filter>header</Filter>
    </ClInclude>
    <ClInclude Include="header\0473_Matchsticks_to_Square.hpp">
      <Filter>header</Filter>
    </ClInclude>
    <ClInclude Include="header\0476_Number_Complement.hpp">
      <Filter>header</Filter>
    </ClInclude>
    <ClInclude Include="header\0729_My_Calendar_I.hpp">
      <Filter>header</Filter>
    </ClInclude>
    <ClInclude Include="header\0949_Largest_Time_for_Given_Digits.hpp">
      <Filter>header</Filter>
    </ClInclude>
    <ClInclude Include="header\1009_bitwiseComplement.hpp">
      <Filter>header</Filter>
    </ClInclude>
    <ClInclude Include="header\1029_Two_City_Scheduling.hpp">
      <Filter>header</Filter>
    </ClInclude>
    <ClInclude Include="header\1253_Reconstruct_a_2_Row_Binary_Matrix.hpp">
      <Filter>header</Filter>
    </ClInclude>
    <ClInclude Include="header\BinaryTree.hpp">
      <Filter>header</Filter>
    </ClInclude>
    <ClInclude Include="header\optimalChange.hpp">
      <Filter>header</Filter>
    </ClInclude>
    <ClInclude Include="header\0145_Binary_Tree_Postorder_Traversal.hpp">
      <Filter>header</Filter>
    </ClInclude>
    <ClInclude Include="header\0394_Decode_String.hpp">
      <Filter>header</Filter>
    </ClInclude>
    <ClInclude Include="header\1514_Path_With_Maximum_Probability.hpp">
      <Filter>header</Filter>
    </ClInclude>
    <ClInclude Include="header\0042_Trapping_Rain_Water.hpp">
      <Filter>header</Filter>
    </ClInclude>
    <ClInclude Include="header\0300_Longest_Increasing_Subsequence.hpp">
      <Filter>header</Filter>
    </ClInclude>
    <ClInclude Include="header\0011_Container_With_Most_Water.hpp">
      <Filter>header</Filter>
    </ClInclude>
    <ClInclude Include="header\0001_Two_Sum.hpp">
      <Filter>header</Filter>
    </ClInclude>
    <ClInclude Include="source\0268_Missing_Number.hpp">
      <Filter>header</Filter>
    </ClInclude>
    <ClInclude Include="header\0983_Minimum_Cost_For_Tickets.hpp">
      <Filter>header</Filter>
    </ClInclude>
    <ClInclude Include="header\0322_Coin_Change.hpp">
      <Filter>header</Filter>
    </ClInclude>
    <ClInclude Include="header\0151_Reverse_Words_in_a_String.hpp">
      <Filter>header</Filter>
    </ClInclude>
    <ClInclude Include="header\0139_Word_Break.hpp">
      <Filter>header</Filter>
    </ClInclude>
    <ClInclude Include="header\0133_Clone_Graph.hpp">
      <Filter>header</Filter>
    </ClInclude>
    <ClInclude Include="header\0101_Symmetric_Tree.hpp">
      <Filter>header</Filter>
    </ClInclude>
    <ClInclude Include="header\0053_Maximum_Subarray.hpp">
      <Filter>header</Filter>
    </ClInclude>
    <ClInclude Include="header\0050_Pow.hpp">
      <Filter>header</Filter>
    </ClInclude>
    <ClInclude Include="header\0012_Integer_to_Roman.hpp">
      <Filter>header</Filter>
    </ClInclude>
    <ClInclude Include="source\0020_Valid_Parentheses.hpp">
      <Filter>header</Filter>
    </ClInclude>
    <ClInclude Include="source\0200_Number_of_Islands.hpp">
      <Filter>header</Filter>
    </ClInclude>
    <ClInclude Include="header\0130_Surrounded_Regions.hpp">
      <Filter>header</Filter>
    </ClInclude>
    <ClInclude Include="header\0695_Max_Area_of_Island.hpp">
      <Filter>header</Filter>
    </ClInclude>
    <ClInclude Include="header\0345_Reverse_Vowels_of_a_String.hpp">
      <Filter>header</Filter>
    </ClInclude>
    <ClInclude Include="header\0515_Find_Largest_Value_in_Each_Tree_Row.hpp">
      <Filter>header</Filter>
    </ClInclude>
    <ClInclude Include="header\0622_Design_Circular_Queue.hpp">
      <Filter>header</Filter>
    </ClInclude>
    <ClInclude Include="header\0752_Open_the_Lock.hpp">
      <Filter>header</Filter>
    </ClInclude>
    <ClInclude Include="header\0279_Perfect_Squares.hpp">
      <Filter>header</Filter>
    </ClInclude>
    <ClInclude Include="header\0210_Course_Schedule_II.hpp">
      <Filter>header</Filter>
    </ClInclude>
    <ClInclude Include="header\0207_Course_Schedule.hpp">
      <Filter>header</Filter>
    </ClInclude>
    <ClInclude Include="header\0310_Minimum_Height_Trees.hpp">
      <Filter>header</Filter>
    </ClInclude>
  </ItemGroup>
  <ItemGroup>
    <Filter Include="source">
      <UniqueIdentifier>{d8f441c7-ea89-4c92-afd5-433b5537bb9a}</UniqueIdentifier>
    </Filter>
    <Filter Include="header">
      <UniqueIdentifier>{304ed6ba-5de6-498b-859d-bf25a66151c8}</UniqueIdentifier>
    </Filter>
  </ItemGroup>
  <ItemGroup>
    <None Include="packages.config" />
    <None Include="source\0138_Copy_List_with_RandomPointer.hpp">
      <Filter>header</Filter>
    </None>
  </ItemGroup>
</Project>